// !$*UTF8*$!
{
	archiveVersion = 1;
	classes = {
	};
	objectVersion = 50;
	objects = {

/* Begin PBXBuildFile section */
		89E7FF32221D24FD00A1DD38 /* AppDelegate.m in Sources */ = {isa = PBXBuildFile; fileRef = 89E7FF31221D24FD00A1DD38 /* AppDelegate.m */; };
		89E7FF35221D24FD00A1DD38 /* ViewController.m in Sources */ = {isa = PBXBuildFile; fileRef = 89E7FF34221D24FD00A1DD38 /* ViewController.m */; };
		89E7FF38221D24FD00A1DD38 /* Main.storyboard in Resources */ = {isa = PBXBuildFile; fileRef = 89E7FF36221D24FD00A1DD38 /* Main.storyboard */; };
		89E7FF3B221D24FD00A1DD38 /* Thread.xcdatamodeld in Sources */ = {isa = PBXBuildFile; fileRef = 89E7FF39221D24FD00A1DD38 /* Thread.xcdatamodeld */; };
		89E7FF3D221D24FF00A1DD38 /* Assets.xcassets in Resources */ = {isa = PBXBuildFile; fileRef = 89E7FF3C221D24FF00A1DD38 /* Assets.xcassets */; };
		89E7FF40221D24FF00A1DD38 /* LaunchScreen.storyboard in Resources */ = {isa = PBXBuildFile; fileRef = 89E7FF3E221D24FF00A1DD38 /* LaunchScreen.storyboard */; };
		89E7FF43221D24FF00A1DD38 /* main.m in Sources */ = {isa = PBXBuildFile; fileRef = 89E7FF42221D24FF00A1DD38 /* main.m */; };
		89E7FF4D221D24FF00A1DD38 /* ThreadUITests.m in Sources */ = {isa = PBXBuildFile; fileRef = 89E7FF4C221D24FF00A1DD38 /* ThreadUITests.m */; };
/* End PBXBuildFile section */

/* Begin PBXContainerItemProxy section */
		89E7FF49221D24FF00A1DD38 /* PBXContainerItemProxy */ = {
			isa = PBXContainerItemProxy;
			containerPortal = 89E7FF25221D24FD00A1DD38 /* Project object */;
			proxyType = 1;
			remoteGlobalIDString = 89E7FF2C221D24FD00A1DD38;
			remoteInfo = Thread;
		};
/* End PBXContainerItemProxy section */

/* Begin PBXFileReference section */
		89E7FF2D221D24FD00A1DD38 /* Thread.app */ = {isa = PBXFileReference; explicitFileType = wrapper.application; includeInIndex = 0; path = Thread.app; sourceTree = BUILT_PRODUCTS_DIR; };
		89E7FF30221D24FD00A1DD38 /* AppDelegate.h */ = {isa = PBXFileReference; lastKnownFileType = sourcecode.c.h; path = AppDelegate.h; sourceTree = "<group>"; };
		89E7FF31221D24FD00A1DD38 /* AppDelegate.m */ = {isa = PBXFileReference; lastKnownFileType = sourcecode.c.objc; path = AppDelegate.m; sourceTree = "<group>"; };
		89E7FF33221D24FD00A1DD38 /* ViewController.h */ = {isa = PBXFileReference; lastKnownFileType = sourcecode.c.h; path = ViewController.h; sourceTree = "<group>"; };
		89E7FF34221D24FD00A1DD38 /* ViewController.m */ = {isa = PBXFileReference; lastKnownFileType = sourcecode.c.objc; path = ViewController.m; sourceTree = "<group>"; };
		89E7FF37221D24FD00A1DD38 /* Base */ = {isa = PBXFileReference; lastKnownFileType = file.storyboard; name = Base; path = Base.lproj/Main.storyboard; sourceTree = "<group>"; };
		89E7FF3A221D24FD00A1DD38 /* Thread.xcdatamodel */ = {isa = PBXFileReference; lastKnownFileType = wrapper.xcdatamodel; path = Thread.xcdatamodel; sourceTree = "<group>"; };
		89E7FF3C221D24FF00A1DD38 /* Assets.xcassets */ = {isa = PBXFileReference; lastKnownFileType = folder.assetcatalog; path = Assets.xcassets; sourceTree = "<group>"; };
		89E7FF3F221D24FF00A1DD38 /* Base */ = {isa = PBXFileReference; lastKnownFileType = file.storyboard; name = Base; path = Base.lproj/LaunchScreen.storyboard; sourceTree = "<group>"; };
		89E7FF41221D24FF00A1DD38 /* Info.plist */ = {isa = PBXFileReference; lastKnownFileType = text.plist.xml; path = Info.plist; sourceTree = "<group>"; };
		89E7FF42221D24FF00A1DD38 /* main.m */ = {isa = PBXFileReference; lastKnownFileType = sourcecode.c.objc; path = main.m; sourceTree = "<group>"; };
		89E7FF48221D24FF00A1DD38 /* ThreadUITests.xctest */ = {isa = PBXFileReference; explicitFileType = wrapper.cfbundle; includeInIndex = 0; path = ThreadUITests.xctest; sourceTree = BUILT_PRODUCTS_DIR; };
		89E7FF4C221D24FF00A1DD38 /* ThreadUITests.m */ = {isa = PBXFileReference; lastKnownFileType = sourcecode.c.objc; path = ThreadUITests.m; sourceTree = "<group>"; };
		89E7FF4E221D24FF00A1DD38 /* Info.plist */ = {isa = PBXFileReference; lastKnownFileType = text.plist.xml; path = Info.plist; sourceTree = "<group>"; };
/* End PBXFileReference section */

/* Begin PBXFrameworksBuildPhase section */
		89E7FF2A221D24FD00A1DD38 /* Frameworks */ = {
			isa = PBXFrameworksBuildPhase;
			buildActionMask = 2147483647;
			files = (
			);
			runOnlyForDeploymentPostprocessing = 0;
		};
		89E7FF45221D24FF00A1DD38 /* Frameworks */ = {
			isa = PBXFrameworksBuildPhase;
			buildActionMask = 2147483647;
			files = (
			);
			runOnlyForDeploymentPostprocessing = 0;
		};
/* End PBXFrameworksBuildPhase section */

/* Begin PBXGroup section */
		89E7FF24221D24FD00A1DD38 = {
			isa = PBXGroup;
			children = (
				89E7FF2F221D24FD00A1DD38 /* Thread */,
				89E7FF4B221D24FF00A1DD38 /* ThreadUITests */,
				89E7FF2E221D24FD00A1DD38 /* Products */,
			);
			sourceTree = "<group>";
		};
		89E7FF2E221D24FD00A1DD38 /* Products */ = {
			isa = PBXGroup;
			children = (
				89E7FF2D221D24FD00A1DD38 /* Thread.app */,
				89E7FF48221D24FF00A1DD38 /* ThreadUITests.xctest */,
			);
			name = Products;
			sourceTree = "<group>";
		};
		89E7FF2F221D24FD00A1DD38 /* Thread */ = {
			isa = PBXGroup;
			children = (
				89E7FF30221D24FD00A1DD38 /* AppDelegate.h */,
				89E7FF31221D24FD00A1DD38 /* AppDelegate.m */,
				89E7FF33221D24FD00A1DD38 /* ViewController.h */,
				89E7FF34221D24FD00A1DD38 /* ViewController.m */,
				89E7FF36221D24FD00A1DD38 /* Main.storyboard */,
				89E7FF3C221D24FF00A1DD38 /* Assets.xcassets */,
				89E7FF3E221D24FF00A1DD38 /* LaunchScreen.storyboard */,
				89E7FF41221D24FF00A1DD38 /* Info.plist */,
				89E7FF42221D24FF00A1DD38 /* main.m */,
				89E7FF39221D24FD00A1DD38 /* Thread.xcdatamodeld */,
			);
			path = Thread;
			sourceTree = "<group>";
		};
		89E7FF4B221D24FF00A1DD38 /* ThreadUITests */ = {
			isa = PBXGroup;
			children = (
				89E7FF4C221D24FF00A1DD38 /* ThreadUITests.m */,
				89E7FF4E221D24FF00A1DD38 /* Info.plist */,
			);
			path = ThreadUITests;
			sourceTree = "<group>";
		};
/* End PBXGroup section */

/* Begin PBXNativeTarget section */
		89E7FF2C221D24FD00A1DD38 /* Thread */ = {
			isa = PBXNativeTarget;
			buildConfigurationList = 89E7FF51221D24FF00A1DD38 /* Build configuration list for PBXNativeTarget "Thread" */;
			buildPhases = (
				89E7FF29221D24FD00A1DD38 /* Sources */,
				89E7FF2A221D24FD00A1DD38 /* Frameworks */,
				89E7FF2B221D24FD00A1DD38 /* Resources */,
			);
			buildRules = (
			);
			dependencies = (
			);
			name = Thread;
			productName = Thread;
			productReference = 89E7FF2D221D24FD00A1DD38 /* Thread.app */;
			productType = "com.apple.product-type.application";
		};
		89E7FF47221D24FF00A1DD38 /* ThreadUITests */ = {
			isa = PBXNativeTarget;
			buildConfigurationList = 89E7FF54221D24FF00A1DD38 /* Build configuration list for PBXNativeTarget "ThreadUITests" */;
			buildPhases = (
				89E7FF44221D24FF00A1DD38 /* Sources */,
				89E7FF45221D24FF00A1DD38 /* Frameworks */,
				89E7FF46221D24FF00A1DD38 /* Resources */,
			);
			buildRules = (
			);
			dependencies = (
				89E7FF4A221D24FF00A1DD38 /* PBXTargetDependency */,
			);
			name = ThreadUITests;
			productName = ThreadUITests;
			productReference = 89E7FF48221D24FF00A1DD38 /* ThreadUITests.xctest */;
			productType = "com.apple.product-type.bundle.ui-testing";
		};
/* End PBXNativeTarget section */

/* Begin PBXProject section */
		89E7FF25221D24FD00A1DD38 /* Project object */ = {
			isa = PBXProject;
			attributes = {
				LastUpgradeCheck = 1010;
				ORGANIZATIONNAME = aze;
				TargetAttributes = {
					89E7FF2C221D24FD00A1DD38 = {
						CreatedOnToolsVersion = 10.1;
					};
					89E7FF47221D24FF00A1DD38 = {
						CreatedOnToolsVersion = 10.1;
						TestTargetID = 89E7FF2C221D24FD00A1DD38;
					};
				};
			};
			buildConfigurationList = 89E7FF28221D24FD00A1DD38 /* Build configuration list for PBXProject "Thread" */;
			compatibilityVersion = "Xcode 9.3";
			developmentRegion = en;
			hasScannedForEncodings = 0;
			knownRegions = (
				en,
				Base,
			);
			mainGroup = 89E7FF24221D24FD00A1DD38;
			productRefGroup = 89E7FF2E221D24FD00A1DD38 /* Products */;
			projectDirPath = "";
			projectRoot = "";
			targets = (
				89E7FF2C221D24FD00A1DD38 /* Thread */,
				89E7FF47221D24FF00A1DD38 /* ThreadUITests */,
			);
		};
/* End PBXProject section */

/* Begin PBXResourcesBuildPhase section */
		89E7FF2B221D24FD00A1DD38 /* Resources */ = {
			isa = PBXResourcesBuildPhase;
			buildActionMask = 2147483647;
			files = (
				89E7FF40221D24FF00A1DD38 /* LaunchScreen.storyboard in Resources */,
				89E7FF3D221D24FF00A1DD38 /* Assets.xcassets in Resources */,
				89E7FF38221D24FD00A1DD38 /* Main.storyboard in Resources */,
			);
			runOnlyForDeploymentPostprocessing = 0;
		};
		89E7FF46221D24FF00A1DD38 /* Resources */ = {
			isa = PBXResourcesBuildPhase;
			buildActionMask = 2147483647;
			files = (
			);
			runOnlyForDeploymentPostprocessing = 0;
		};
/* End PBXResourcesBuildPhase section */

/* Begin PBXSourcesBuildPhase section */
		89E7FF29221D24FD00A1DD38 /* Sources */ = {
			isa = PBXSourcesBuildPhase;
			buildActionMask = 2147483647;
			files = (
				89E7FF35221D24FD00A1DD38 /* ViewController.m in Sources */,
				89E7FF3B221D24FD00A1DD38 /* Thread.xcdatamodeld in Sources */,
				89E7FF43221D24FF00A1DD38 /* main.m in Sources */,
				89E7FF32221D24FD00A1DD38 /* AppDelegate.m in Sources */,
			);
			runOnlyForDeploymentPostprocessing = 0;
		};
		89E7FF44221D24FF00A1DD38 /* Sources */ = {
			isa = PBXSourcesBuildPhase;
			buildActionMask = 2147483647;
			files = (
				89E7FF4D221D24FF00A1DD38 /* ThreadUITests.m in Sources */,
			);
			runOnlyForDeploymentPostprocessing = 0;
		};
/* End PBXSourcesBuildPhase section */

/* Begin PBXTargetDependency section */
		89E7FF4A221D24FF00A1DD38 /* PBXTargetDependency */ = {
			isa = PBXTargetDependency;
			target = 89E7FF2C221D24FD00A1DD38 /* Thread */;
			targetProxy = 89E7FF49221D24FF00A1DD38 /* PBXContainerItemProxy */;
		};
/* End PBXTargetDependency section */

/* Begin PBXVariantGroup section */
		89E7FF36221D24FD00A1DD38 /* Main.storyboard */ = {
			isa = PBXVariantGroup;
			children = (
				89E7FF37221D24FD00A1DD38 /* Base */,
			);
			name = Main.storyboard;
			sourceTree = "<group>";
		};
		89E7FF3E221D24FF00A1DD38 /* LaunchScreen.storyboard */ = {
			isa = PBXVariantGroup;
			children = (
				89E7FF3F221D24FF00A1DD38 /* Base */,
			);
			name = LaunchScreen.storyboard;
			sourceTree = "<group>";
		};
/* End PBXVariantGroup section */

/* Begin XCBuildConfiguration section */
		89E7FF4F221D24FF00A1DD38 /* Debug */ = {
			isa = XCBuildConfiguration;
			buildSettings = {
				ALWAYS_SEARCH_USER_PATHS = NO;
				CLANG_ANALYZER_NONNULL = YES;
				CLANG_ANALYZER_NUMBER_OBJECT_CONVERSION = YES_AGGRESSIVE;
				CLANG_CXX_LANGUAGE_STANDARD = "gnu++14";
				CLANG_CXX_LIBRARY = "libc++";
				CLANG_ENABLE_MODULES = YES;
				CLANG_ENABLE_OBJC_ARC = YES;
				CLANG_ENABLE_OBJC_WEAK = YES;
				CLANG_WARN_BLOCK_CAPTURE_AUTORELEASING = YES;
				CLANG_WARN_BOOL_CONVERSION = YES;
				CLANG_WARN_COMMA = YES;
				CLANG_WARN_CONSTANT_CONVERSION = YES;
				CLANG_WARN_DEPRECATED_OBJC_IMPLEMENTATIONS = YES;
				CLANG_WARN_DIRECT_OBJC_ISA_USAGE = YES_ERROR;
				CLANG_WARN_DOCUMENTATION_COMMENTS = YES;
				CLANG_WARN_EMPTY_BODY = YES;
				CLANG_WARN_ENUM_CONVERSION = YES;
				CLANG_WARN_INFINITE_RECURSION = YES;
				CLANG_WARN_INT_CONVERSION = YES;
				CLANG_WARN_NON_LITERAL_NULL_CONVERSION = YES;
				CLANG_WARN_OBJC_IMPLICIT_RETAIN_SELF = YES;
				CLANG_WARN_OBJC_LITERAL_CONVERSION = YES;
				CLANG_WARN_OBJC_ROOT_CLASS = YES_ERROR;
				CLANG_WARN_RANGE_LOOP_ANALYSIS = YES;
				CLANG_WARN_STRICT_PROTOTYPES = YES;
				CLANG_WARN_SUSPICIOUS_MOVE = YES;
				CLANG_WARN_UNGUARDED_AVAILABILITY = YES_AGGRESSIVE;
				CLANG_WARN_UNREACHABLE_CODE = YES;
				CLANG_WARN__DUPLICATE_METHOD_MATCH = YES;
				CODE_SIGN_IDENTITY = "iPhone Developer";
				COPY_PHASE_STRIP = NO;
				DEBUG_INFORMATION_FORMAT = dwarf;
				ENABLE_STRICT_OBJC_MSGSEND = YES;
				ENABLE_TESTABILITY = YES;
				GCC_C_LANGUAGE_STANDARD = gnu11;
				GCC_DYNAMIC_NO_PIC = NO;
				GCC_NO_COMMON_BLOCKS = YES;
				GCC_OPTIMIZATION_LEVEL = 0;
				GCC_PREPROCESSOR_DEFINITIONS = (
					"DEBUG=1",
					"$(inherited)",
				);
				GCC_WARN_64_TO_32_BIT_CONVERSION = YES;
				GCC_WARN_ABOUT_RETURN_TYPE = YES_ERROR;
				GCC_WARN_UNDECLARED_SELECTOR = YES;
				GCC_WARN_UNINITIALIZED_AUTOS = YES_AGGRESSIVE;
				GCC_WARN_UNUSED_FUNCTION = YES;
				GCC_WARN_UNUSED_VARIABLE = YES;
				IPHONEOS_DEPLOYMENT_TARGET = 12.1;
				MTL_ENABLE_DEBUG_INFO = INCLUDE_SOURCE;
				MTL_FAST_MATH = YES;
				ONLY_ACTIVE_ARCH = YES;
				SDKROOT = iphoneos;
			};
			name = Debug;
		};
		89E7FF50221D24FF00A1DD38 /* Release */ = {
			isa = XCBuildConfiguration;
			buildSettings = {
				ALWAYS_SEARCH_USER_PATHS = NO;
				CLANG_ANALYZER_NONNULL = YES;
				CLANG_ANALYZER_NUMBER_OBJECT_CONVERSION = YES_AGGRESSIVE;
				CLANG_CXX_LANGUAGE_STANDARD = "gnu++14";
				CLANG_CXX_LIBRARY = "libc++";
				CLANG_ENABLE_MODULES = YES;
				CLANG_ENABLE_OBJC_ARC = YES;
				CLANG_ENABLE_OBJC_WEAK = YES;
				CLANG_WARN_BLOCK_CAPTURE_AUTORELEASING = YES;
				CLANG_WARN_BOOL_CONVERSION = YES;
				CLANG_WARN_COMMA = YES;
				CLANG_WARN_CONSTANT_CONVERSION = YES;
				CLANG_WARN_DEPRECATED_OBJC_IMPLEMENTATIONS = YES;
				CLANG_WARN_DIRECT_OBJC_ISA_USAGE = YES_ERROR;
				CLANG_WARN_DOCUMENTATION_COMMENTS = YES;
				CLANG_WARN_EMPTY_BODY = YES;
				CLANG_WARN_ENUM_CONVERSION = YES;
				CLANG_WARN_INFINITE_RECURSION = YES;
				CLANG_WARN_INT_CONVERSION = YES;
				CLANG_WARN_NON_LITERAL_NULL_CONVERSION = YES;
				CLANG_WARN_OBJC_IMPLICIT_RETAIN_SELF = YES;
				CLANG_WARN_OBJC_LITERAL_CONVERSION = YES;
				CLANG_WARN_OBJC_ROOT_CLASS = YES_ERROR;
				CLANG_WARN_RANGE_LOOP_ANALYSIS = YES;
				CLANG_WARN_STRICT_PROTOTYPES = YES;
				CLANG_WARN_SUSPICIOUS_MOVE = YES;
				CLANG_WARN_UNGUARDED_AVAILABILITY = YES_AGGRESSIVE;
				CLANG_WARN_UNREACHABLE_CODE = YES;
				CLANG_WARN__DUPLICATE_METHOD_MATCH = YES;
				CODE_SIGN_IDENTITY = "iPhone Developer";
				COPY_PHASE_STRIP = NO;
				DEBUG_INFORMATION_FORMAT = "dwarf-with-dsym";
				ENABLE_NS_ASSERTIONS = NO;
				ENABLE_STRICT_OBJC_MSGSEND = YES;
				GCC_C_LANGUAGE_STANDARD = gnu11;
				GCC_NO_COMMON_BLOCKS = YES;
				GCC_WARN_64_TO_32_BIT_CONVERSION = YES;
				GCC_WARN_ABOUT_RETURN_TYPE = YES_ERROR;
				GCC_WARN_UNDECLARED_SELECTOR = YES;
				GCC_WARN_UNINITIALIZED_AUTOS = YES_AGGRESSIVE;
				GCC_WARN_UNUSED_FUNCTION = YES;
				GCC_WARN_UNUSED_VARIABLE = YES;
				IPHONEOS_DEPLOYMENT_TARGET = 12.1;
				MTL_ENABLE_DEBUG_INFO = NO;
				MTL_FAST_MATH = YES;
				SDKROOT = iphoneos;
				VALIDATE_PRODUCT = YES;
			};
			name = Release;
		};
		89E7FF52221D24FF00A1DD38 /* Debug */ = {
			isa = XCBuildConfiguration;
			buildSettings = {
				ASSETCATALOG_COMPILER_APPICON_NAME = AppIcon;
				CODE_SIGN_STYLE = Automatic;
				DEVELOPMENT_TEAM = 568UVJ64B9;
				INFOPLIST_FILE = Thread/Info.plist;
				LD_RUNPATH_SEARCH_PATHS = (
					"$(inherited)",
					"@executable_path/Frameworks",
				);
				PRODUCT_BUNDLE_IDENTIFIER = com.Thread;
				PRODUCT_NAME = "$(TARGET_NAME)";
				TARGETED_DEVICE_FAMILY = "1,2";
			};
			name = Debug;
		};
		89E7FF53221D24FF00A1DD38 /* Release */ = {
			isa = XCBuildConfiguration;
			buildSettings = {
				ASSETCATALOG_COMPILER_APPICON_NAME = AppIcon;
				CODE_SIGN_STYLE = Automatic;
				DEVELOPMENT_TEAM = 568UVJ64B9;
				INFOPLIST_FILE = Thread/Info.plist;
				LD_RUNPATH_SEARCH_PATHS = (
					"$(inherited)",
					"@executable_path/Frameworks",
				);
				PRODUCT_BUNDLE_IDENTIFIER = com.Thread;
				PRODUCT_NAME = "$(TARGET_NAME)";
				TARGETED_DEVICE_FAMILY = "1,2";
			};
			name = Release;
		};
		89E7FF55221D24FF00A1DD38 /* Debug */ = {
			isa = XCBuildConfiguration;
			buildSettings = {
				CODE_SIGN_STYLE = Automatic;
				DEVELOPMENT_TEAM = 568UVJ64B9;
				INFOPLIST_FILE = ThreadUITests/Info.plist;
				LD_RUNPATH_SEARCH_PATHS = (
					"$(inherited)",
					"@executable_path/Frameworks",
					"@loader_path/Frameworks",
				);
				PRODUCT_BUNDLE_IDENTIFIER = com.ThreadUITests;
				PRODUCT_NAME = "$(TARGET_NAME)";
				TARGETED_DEVICE_FAMILY = "1,2";
				TEST_TARGET_NAME = Thread;
			};
			name = Debug;
		};
		89E7FF56221D24FF00A1DD38 /* Release */ = {
			isa = XCBuildConfiguration;
			buildSettings = {
				CODE_SIGN_STYLE = Automatic;
				DEVELOPMENT_TEAM = 568UVJ64B9;
				INFOPLIST_FILE = ThreadUITests/Info.plist;
				LD_RUNPATH_SEARCH_PATHS = (
					"$(inherited)",
					"@executable_path/Frameworks",
					"@loader_path/Frameworks",
				);
				PRODUCT_BUNDLE_IDENTIFIER = com.ThreadUITests;
				PRODUCT_NAME = "$(TARGET_NAME)";
				TARGETED_DEVICE_FAMILY = "1,2";
				TEST_TARGET_NAME = Thread;
			};
			name = Release;
		};
/* End XCBuildConfiguration section */

/* Begin XCConfigurationList section */
		89E7FF28221D24FD00A1DD38 /* Build configuration list for PBXProject "Thread" */ = {
			isa = XCConfigurationList;
			buildConfigurations = (
				89E7FF4F221D24FF00A1DD38 /* Debug */,
				89E7FF50221D24FF00A1DD38 /* Release */,
			);
			defaultConfigurationIsVisible = 0;
			defaultConfigurationName = Release;
		};
		89E7FF51221D24FF00A1DD38 /* Build configuration list for PBXNativeTarget "Thread" */ = {
			isa = XCConfigurationList;
			buildConfigurations = (
				89E7FF52221D24FF00A1DD38 /* Debug */,
				89E7FF53221D24FF00A1DD38 /* Release */,
			);
			defaultConfigurationIsVisible = 0;
			defaultConfigurationName = Release;
		};
		89E7FF54221D24FF00A1DD38 /* Build configuration list for PBXNativeTarget "ThreadUITests" */ = {
			isa = XCConfigurationList;
			buildConfigurations = (
				89E7FF55221D24FF00A1DD38 /* Debug */,
				89E7FF56221D24FF00A1DD38 /* Release */,
			);
			defaultConfigurationIsVisible = 0;
			defaultConfigurationName = Release;
		};
/* End XCConfigurationList section */

/* Begin XCVersionGroup section */
		89E7FF39221D24FD00A1DD38 /* Thread.xcdatamodeld */ = {
			isa = XCVersionGroup;
			children = (
				89E7FF3A221D24FD00A1DD38 /* Thread.xcdatamodel */,
			);
			currentVersion = 89E7FF3A221D24FD00A1DD38 /* Thread.xcdatamodel */;
			path = Thread.xcdatamodeld;
			sourceTree = "<group>";
			versionGroupType = wrapper.xcdatamodel;
		};
/* End XCVersionGroup section */
	};
	rootObject = 89E7FF25221D24FD00A1DD38 /* Project object */;
}
